
Microsoft Visual Studio Solution File, Format Version 12.00
# Visual Studio Version 17
VisualStudioVersion = 17.3.32901.215
MinimumVisualStudioVersion = 10.0.40219.1
Project("{F2A71F9B-5D33-465A-A702-920D77279786}") = "my_1", "my_1\my_1.fsproj", "{831220BC-DDDA-4018-9DAB-5730E08E26CD}"
EndProject
Global
	GlobalSection(SolutionConfigurationPlatforms) = preSolution
		Debug|Any CPU = Debug|Any CPU
		Release|Any CPU = Release|Any CPU
	EndGlobalSection
	GlobalSection(ProjectConfigurationPlatforms) = postSolution
		{831220BC-DDDA-4018-9DAB-5730E08E26CD}.Debug|Any CPU.ActiveCfg = Debug|Any CPU
		{831220BC-DDDA-4018-9DAB-5730E08E26CD}.Debug|Any CPU.Build.0 = Debug|Any CPU
		{831220BC-DDDA-4018-9DAB-5730E08E26CD}.Release|Any CPU.ActiveCfg = Release|Any CPU
		{831220BC-DDDA-4018-9DAB-5730E08E26CD}.Release|Any CPU.Build.0 = Release|Any CPU
	EndGlobalSection
	GlobalSection(SolutionProperties) = preSolution
		HideSolutionNode = FALSE
	EndGlobalSection
	GlobalSection(ExtensibilityGlobals) = postSolution
		SolutionGuid = {89F1A58A-71D4-478B-8C9A-C5AD76FB6220}
	EndGlobalSection
EndGlobal
